{
  "name": "mocha-dashboard",
  "version": "1.0.0",
  "lockfileVersion": 1,
  "requires": true,
  "dependencies": {
    "@sinonjs/commons": {
      "version": "1.3.0",
      "resolved": "https://registry.npmjs.org/@sinonjs/commons/-/commons-1.3.0.tgz",
      "integrity": "sha512-j4ZwhaHmwsCb4DlDOIWnI5YyKDNMoNThsmwEpfHx6a1EpsGZ9qYLxP++LMlmBRjtGptGHFsGItJ768snllFWpA==",
      "dev": true,
      "requires": {
        "type-detect": "4.0.8"
      }
    },
    "@sinonjs/formatio": {
      "version": "3.0.1",
      "resolved": "https://registry.npmjs.org/@sinonjs/formatio/-/formatio-3.0.1.tgz",
      "integrity": "sha512-IA2a2B5lN1qZZzhD5ntqxpHZgiiwK1pSt2LzuCHoZBIAJQYXyD+/E2WR2EhGPlTpuc+H9RKYnOlcfjvbEwekCA==",
      "dev": true,
      "requires": {
        "@sinonjs/samsam": "^2.1.3"
      }
    },
    "@sinonjs/samsam": {
      "version": "2.1.3",
      "resolved": "https://registry.npmjs.org/@sinonjs/samsam/-/samsam-2.1.3.tgz",
      "integrity": "sha512-8zNeBkSKhU9a5cRNbpCKau2WWPfan+Q2zDlcXvXyhn9EsMqgYs4qzo0XHNVlXC6ABQL8fT6nV+zzo5RTHJzyXw==",
      "dev": true
    },
    "ansi-regex": {
      "version": "2.1.1",
      "resolved": "https://registry.npmjs.org/ansi-regex/-/ansi-regex-2.1.1.tgz",
      "integrity": "sha1-w7M6te42DYbg5ijwRorn7yfWVN8=",
      "dev": true
    },
    "array-from": {
      "version": "2.1.1",
      "resolved": "https://registry.npmjs.org/array-from/-/array-from-2.1.1.tgz",
      "integrity": "sha1-z+nYwmYoudxa7MYqn12PHzUsEZU=",
      "dev": true
    },
    "assertion-error": {
      "version": "1.1.0",
      "resolved": "https://registry.npmjs.org/assertion-error/-/assertion-error-1.1.0.tgz",
      "integrity": "sha512-jgsaNduz+ndvGyFt3uSuWqvy4lCnIJiovtouQN5JZHOKCS2QuhEdbcQHFhVksz2N2U9hXJo8odG7ETyWlEeuDw==",
      "dev": true
    },
    "balanced-match": {
      "version": "1.0.0",
      "resolved": "https://registry.npmjs.org/balanced-match/-/balanced-match-1.0.0.tgz",
      "integrity": "sha1-ibTRmasr7kneFk6gK4nORi1xt2c="
    },
    "brace-expansion": {
      "version": "1.1.11",
      "resolved": "https://registry.npmjs.org/brace-expansion/-/brace-expansion-1.1.11.tgz",
      "integrity": "sha1-PH/L9SnYcibz0vUrlm/1Jx60Qd0=",
      "requires": {
        "balanced-match": "^1.0.0",
        "concat-map": "0.0.1"
      }
    },
    "browser-stdout": {
      "version": "1.3.1",
      "resolved": "https://registry.npmjs.org/browser-stdout/-/browser-stdout-1.3.1.tgz",
      "integrity": "sha1-uqVZ7hTO1zRSIputcyZGfGH6vWA="
    },
    "camelcase": {
      "version": "2.1.1",
      "resolved": "https://registry.npmjs.org/camelcase/-/camelcase-2.1.1.tgz",
      "integrity": "sha1-fB0W1nmhu+WcoCys7PsBHiAfWh8=",
      "dev": true
    },
    "chai": {
      "version": "4.2.0",
      "resolved": "https://registry.npmjs.org/chai/-/chai-4.2.0.tgz",
      "integrity": "sha512-XQU3bhBukrOsQCuwZndwGcCVQHyZi53fQ6Ys1Fym7E4olpIqqZZhhoFJoaKVvV17lWQoXYwgWN2nF5crA8J2jw==",
      "dev": true,
      "requires": {
        "assertion-error": "^1.1.0",
        "check-error": "^1.0.2",
        "deep-eql": "^3.0.1",
        "get-func-name": "^2.0.0",
        "pathval": "^1.1.0",
        "type-detect": "^4.0.5"
      }
    },
    "check-error": {
      "version": "1.0.2",
      "resolved": "https://registry.npmjs.org/check-error/-/check-error-1.0.2.tgz",
      "integrity": "sha1-V00xLt2Iu13YkS6Sht1sCu1KrII=",
      "dev": true
    },
    "cliui": {
      "version": "3.2.0",
      "resolved": "https://registry.npmjs.org/cliui/-/cliui-3.2.0.tgz",
      "integrity": "sha1-EgYBU3qRbSmUD5NNo7SNWFo5IT0=",
      "dev": true,
      "requires": {
        "string-width": "^1.0.1",
        "strip-ansi": "^3.0.1",
        "wrap-ansi": "^2.0.0"
      }
    },
    "code-point-at": {
      "version": "1.1.0",
      "resolved": "https://registry.npmjs.org/code-point-at/-/code-point-at-1.1.0.tgz",
      "integrity": "sha1-DQcLTQQ6W+ozovGkDi7bPZpMz3c=",
      "dev": true
    },
    "commander": {
      "version": "2.15.1",
      "resolved": "https://registry.npmjs.org/commander/-/commander-2.15.1.tgz",
      "integrity": "sha1-30boZ9D8Kuxmo0ZitAapzK//Ww8="
    },
    "concat-map": {
      "version": "0.0.1",
      "resolved": "https://registry.npmjs.org/concat-map/-/concat-map-0.0.1.tgz",
      "integrity": "sha1-2Klr13/Wjfd5OnMDajug1UBdR3s="
    },
    "debug": {
      "version": "3.1.0",
      "resolved": "https://registry.npmjs.org/debug/-/debug-3.1.0.tgz",
      "integrity": "sha1-W7WgZyYotkFJVmuhaBnmFRjGcmE=",
      "requires": {
        "ms": "2.0.0"
      }
    },
    "decamelize": {
      "version": "1.2.0",
      "resolved": "https://registry.npmjs.org/decamelize/-/decamelize-1.2.0.tgz",
      "integrity": "sha1-9lNNFRSCabIDUue+4m9QH5oZEpA=",
      "dev": true
    },
    "deep-eql": {
      "version": "3.0.1",
      "resolved": "https://registry.npmjs.org/deep-eql/-/deep-eql-3.0.1.tgz",
      "integrity": "sha512-+QeIQyN5ZuO+3Uk5DYh6/1eKO0m0YmJFGNmFHGACpf1ClL1nmlV/p4gNgbl2pJGxgXb4faqo6UE+M5ACEMyVcw==",
      "dev": true,
      "requires": {
        "type-detect": "^4.0.0"
      }
    },
    "diff": {
      "version": "3.5.0",
      "resolved": "https://registry.npmjs.org/diff/-/diff-3.5.0.tgz",
      "integrity": "sha1-gAwN0eCov7yVg1wgKtIg/jF+WhI="
    },
    "escape-string-regexp": {
      "version": "1.0.5",
      "resolved": "https://registry.npmjs.org/escape-string-regexp/-/escape-string-regexp-1.0.5.tgz",
      "integrity": "sha1-G2HAViGQqN/2rjuyzwIAyhMLhtQ="
    },
    "exec-sh": {
      "version": "0.2.2",
      "resolved": "https://registry.npmjs.org/exec-sh/-/exec-sh-0.2.2.tgz",
      "integrity": "sha512-FIUCJz1RbuS0FKTdaAafAByGS0CPvU3R0MeHxgtl+djzCc//F8HakL8GzmVNZanasTbTAY/3DRFA0KpVqj/eAw==",
      "dev": true,
      "requires": {
        "merge": "^1.2.0"
      }
    },
    "fs.realpath": {
      "version": "1.0.0",
      "resolved": "https://registry.npmjs.org/fs.realpath/-/fs.realpath-1.0.0.tgz",
      "integrity": "sha1-FQStJSMVjKpA20onh8sBQRmU6k8="
    },
    "gaze": {
      "version": "0.5.2",
      "resolved": "https://registry.npmjs.org/gaze/-/gaze-0.5.2.tgz",
      "integrity": "sha1-QLcJU30k0dRXZ9takIaJ3+aaxE8=",
      "dev": true,
      "requires": {
        "globule": "~0.1.0"
      }
    },
    "gaze-cli": {
      "version": "0.2.0",
      "resolved": "https://registry.npmjs.org/gaze-cli/-/gaze-cli-0.2.0.tgz",
      "integrity": "sha1-p7ydaOvGUvoWCpR7yqvACazUaa8=",
      "dev": true,
      "requires": {
        "exec-sh": "^0.2.0",
        "gaze": "^0.5.1",
        "pretty-hrtime": "^1.0.0",
        "yargs": "^3.3.1"
      }
    },
    "get-func-name": {
      "version": "2.0.0",
      "resolved": "https://registry.npmjs.org/get-func-name/-/get-func-name-2.0.0.tgz",
      "integrity": "sha1-6td0q+5y4gQJQzoGY2YCPdaIekE=",
      "dev": true
    },
    "glob": {
      "version": "7.1.2",
      "resolved": "https://registry.npmjs.org/glob/-/glob-7.1.2.tgz",
      "integrity": "sha1-wZyd+aAocC1nhhI4SmVSQExjbRU=",
      "requires": {
        "fs.realpath": "^1.0.0",
        "inflight": "^1.0.4",
        "inherits": "2",
        "minimatch": "^3.0.4",
        "once": "^1.3.0",
        "path-is-absolute": "^1.0.0"
      }
    },
    "globule": {
      "version": "0.1.0",
      "resolved": "https://registry.npmjs.org/globule/-/globule-0.1.0.tgz",
      "integrity": "sha1-2cjt3h2nnRJaFRt5UzuXhnY0auU=",
      "dev": true,
      "requires": {
        "glob": "~3.1.21",
        "lodash": "~1.0.1",
        "minimatch": "~0.2.11"
      },
      "dependencies": {
        "glob": {
          "version": "3.1.21",
          "resolved": "https://registry.npmjs.org/glob/-/glob-3.1.21.tgz",
          "integrity": "sha1-0p4KBV3qUTj00H7UDomC6DwgZs0=",
          "dev": true,
          "requires": {
            "graceful-fs": "~1.2.0",
            "inherits": "1",
            "minimatch": "~0.2.11"
          }
        },
        "inherits": {
          "version": "1.0.2",
          "resolved": "https://registry.npmjs.org/inherits/-/inherits-1.0.2.tgz",
          "integrity": "sha1-ykMJ2t7mtUzAuNJH6NfHoJdb3Js=",
          "dev": true
        },
        "minimatch": {
          "version": "0.2.14",
          "resolved": "https://registry.npmjs.org/minimatch/-/minimatch-0.2.14.tgz",
          "integrity": "sha1-x054BXT2PG+aCQ6Q775u9TpqdWo=",
          "dev": true,
          "requires": {
            "lru-cache": "2",
            "sigmund": "~1.0.0"
          }
        }
      }
    },
    "graceful-fs": {
      "version": "1.2.3",
      "resolved": "http://registry.npmjs.org/graceful-fs/-/graceful-fs-1.2.3.tgz",
      "integrity": "sha1-FaSAaldUfLLS2/J/QuiajDRRs2Q=",
      "dev": true
    },
    "growl": {
      "version": "1.10.5",
      "resolved": "https://registry.npmjs.org/growl/-/growl-1.10.5.tgz",
      "integrity": "sha1-8nNdwig2dPpnR4sQGBBZNVw2nl4="
    },
    "has-flag": {
      "version": "3.0.0",
      "resolved": "https://registry.npmjs.org/has-flag/-/has-flag-3.0.0.tgz",
      "integrity": "sha1-tdRU3CGZriJWmfNGfloH87lVuv0="
    },
    "he": {
      "version": "1.1.1",
      "resolved": "https://registry.npmjs.org/he/-/he-1.1.1.tgz",
      "integrity": "sha1-k0EP0hsAlzUVH4howvJx80J+I/0="
    },
    "inflight": {
      "version": "1.0.6",
      "resolved": "https://registry.npmjs.org/inflight/-/inflight-1.0.6.tgz",
      "integrity": "sha1-Sb1jMdfQLQwJvJEKEHW6gWW1bfk=",
      "requires": {
        "once": "^1.3.0",
        "wrappy": "1"
      }
    },
    "inherits": {
      "version": "2.0.3",
      "resolved": "https://registry.npmjs.org/inherits/-/inherits-2.0.3.tgz",
      "integrity": "sha1-Yzwsg+PaQqUC9SRmAiSA9CCCYd4="
    },
    "invert-kv": {
      "version": "1.0.0",
      "resolved": "https://registry.npmjs.org/invert-kv/-/invert-kv-1.0.0.tgz",
      "integrity": "sha1-EEqOSqym09jNFXqO+L+rLXo//bY=",
      "dev": true
    },
    "is-fullwidth-code-point": {
      "version": "1.0.0",
      "resolved": "https://registry.npmjs.org/is-fullwidth-code-point/-/is-fullwidth-code-point-1.0.0.tgz",
      "integrity": "sha1-754xOG8DGn8NZDr4L95QxFfvAMs=",
      "dev": true,
      "requires": {
        "number-is-nan": "^1.0.0"
      }
    },
    "isarray": {
      "version": "0.0.1",
      "resolved": "https://registry.npmjs.org/isarray/-/isarray-0.0.1.tgz",
      "integrity": "sha1-ihis/Kmo9Bd+Cav8YDiTmwXR7t8=",
      "dev": true
    },
    "just-extend": {
      "version": "3.0.0",
      "resolved": "https://registry.npmjs.org/just-extend/-/just-extend-3.0.0.tgz",
      "integrity": "sha512-Fu3T6pKBuxjWT/p4DkqGHFRsysc8OauWr4ZRTY9dIx07Y9O0RkoR5jcv28aeD1vuAwhm3nLkDurwLXoALp4DpQ==",
      "dev": true
    },
    "lcid": {
      "version": "1.0.0",
      "resolved": "https://registry.npmjs.org/lcid/-/lcid-1.0.0.tgz",
      "integrity": "sha1-MIrMr6C8SDo4Z7S28rlQYlHRuDU=",
      "dev": true,
      "requires": {
        "invert-kv": "^1.0.0"
      }
    },
    "lodash": {
      "version": "1.0.2",
      "resolved": "http://registry.npmjs.org/lodash/-/lodash-1.0.2.tgz",
      "integrity": "sha1-j1dWDIO1n8JwvT1WG2kAQ0MOJVE=",
      "dev": true
    },
    "lodash.get": {
      "version": "4.4.2",
      "resolved": "https://registry.npmjs.org/lodash.get/-/lodash.get-4.4.2.tgz",
      "integrity": "sha1-LRd/ZS+jHpObRDjVNBSZ36OCXpk=",
      "dev": true
    },
    "lolex": {
      "version": "3.0.0",
      "resolved": "https://registry.npmjs.org/lolex/-/lolex-3.0.0.tgz",
      "integrity": "sha512-hcnW80h3j2lbUfFdMArd5UPA/vxZJ+G8vobd+wg3nVEQA0EigStbYcrG030FJxL6xiDDPEkoMatV9xIh5OecQQ==",
      "dev": true
    },
    "lru-cache": {
      "version": "2.7.3",
      "resolved": "http://registry.npmjs.org/lru-cache/-/lru-cache-2.7.3.tgz",
      "integrity": "sha1-bUUk6LlV+V1PW1iFHOId1y+06VI=",
      "dev": true
    },
    "merge": {
      "version": "1.2.1",
      "resolved": "https://registry.npmjs.org/merge/-/merge-1.2.1.tgz",
      "integrity": "sha512-VjFo4P5Whtj4vsLzsYBu5ayHhoHJ0UqNm7ibvShmbmoz7tGi0vXaoJbGdB+GmDMLUdg8DpQXEIeVDAe8MaABvQ==",
      "dev": true
    },
    "minimatch": {
      "version": "3.0.4",
      "resolved": "https://registry.npmjs.org/minimatch/-/minimatch-3.0.4.tgz",
      "integrity": "sha1-UWbihkV/AzBgZL5Ul+jbsMPTIIM=",
      "requires": {
        "brace-expansion": "^1.1.7"
      }
    },
    "minimist": {
      "version": "0.0.8",
      "resolved": "https://registry.npmjs.org/minimist/-/minimist-0.0.8.tgz",
      "integrity": "sha1-hX/Kv8M5fSYluCKCYuhqp6ARsF0="
    },
    "mkdirp": {
      "version": "0.5.1",
      "resolved": "https://registry.npmjs.org/mkdirp/-/mkdirp-0.5.1.tgz",
      "integrity": "sha1-MAV0OOrGz3+MR2fzhkjWaX11yQM=",
      "requires": {
        "minimist": "0.0.8"
      }
    },
    "mocha": {
      "version": "5.2.0",
      "resolved": "https://registry.npmjs.org/mocha/-/mocha-5.2.0.tgz",
      "integrity": "sha1-bYrlCPWRZ/lA8rWzxKYSrlDJCuY=",
      "requires": {
        "browser-stdout": "1.3.1",
        "commander": "2.15.1",
        "debug": "3.1.0",
        "diff": "3.5.0",
        "escape-string-regexp": "1.0.5",
        "glob": "7.1.2",
        "growl": "1.10.5",
        "he": "1.1.1",
        "minimatch": "3.0.4",
        "mkdirp": "0.5.1",
        "supports-color": "5.4.0"
      }
    },
    "ms": {
      "version": "2.0.0",
      "resolved": "https://registry.npmjs.org/ms/-/ms-2.0.0.tgz",
      "integrity": "sha1-VgiurfwAvmwpAd9fmGF4jeDVl8g="
    },
    "nise": {
      "version": "1.4.6",
      "resolved": "https://registry.npmjs.org/nise/-/nise-1.4.6.tgz",
      "integrity": "sha512-1GedetLKzmqmgwabuMSqPsT7oumdR77SBpDfNNJhADRIeA3LN/2RVqR4fFqwvzhAqcTef6PPCzQwITE/YQ8S8A==",
      "dev": true,
      "requires": {
        "@sinonjs/formatio": "3.0.0",
        "just-extend": "^3.0.0",
        "lolex": "^2.3.2",
        "path-to-regexp": "^1.7.0",
        "text-encoding": "^0.6.4"
      },
      "dependencies": {
        "@sinonjs/formatio": {
          "version": "3.0.0",
          "resolved": "https://registry.npmjs.org/@sinonjs/formatio/-/formatio-3.0.0.tgz",
          "integrity": "sha512-vdjoYLDptCgvtJs57ULshak3iJe4NW3sJ3g36xVDGff5AE8P30S6A093EIEPjdi2noGhfuNOEkbxt3J3awFW1w==",
          "dev": true,
          "requires": {
            "@sinonjs/samsam": "2.1.0"
          }
        },
        "@sinonjs/samsam": {
          "version": "2.1.0",
          "resolved": "https://registry.npmjs.org/@sinonjs/samsam/-/samsam-2.1.0.tgz",
          "integrity": "sha512-5x2kFgJYupaF1ns/RmharQ90lQkd2ELS8A9X0ymkAAdemYHGtI2KiUHG8nX2WU0T1qgnOU5YMqnBM2V7NUanNw==",
          "dev": true,
          "requires": {
            "array-from": "^2.1.1"
          }
        },
        "lolex": {
          "version": "2.7.5",
          "resolved": "https://registry.npmjs.org/lolex/-/lolex-2.7.5.tgz",
          "integrity": "sha512-l9x0+1offnKKIzYVjyXU2SiwhXDLekRzKyhnbyldPHvC7BvLPVpdNUNR2KeMAiCN2D/kLNttZgQD5WjSxuBx3Q==",
          "dev": true
        }
      }
    },
    "number-is-nan": {
      "version": "1.0.1",
      "resolved": "https://registry.npmjs.org/number-is-nan/-/number-is-nan-1.0.1.tgz",
      "integrity": "sha1-CXtgK1NCKlIsGvuHkDGDNpQaAR0=",
      "dev": true
    },
    "once": {
      "version": "1.4.0",
      "resolved": "https://registry.npmjs.org/once/-/once-1.4.0.tgz",
      "integrity": "sha1-WDsap3WWHUsROsF9nFC6753Xa9E=",
      "requires": {
        "wrappy": "1"
      }
    },
    "os-locale": {
      "version": "1.4.0",
      "resolved": "http://registry.npmjs.org/os-locale/-/os-locale-1.4.0.tgz",
      "integrity": "sha1-IPnxeuKe00XoveWDsT0gCYA8FNk=",
      "dev": true,
      "requires": {
        "lcid": "^1.0.0"
      }
    },
    "path-is-absolute": {
      "version": "1.0.1",
      "resolved": "https://registry.npmjs.org/path-is-absolute/-/path-is-absolute-1.0.1.tgz",
      "integrity": "sha1-F0uSaHNVNP+8es5r9TpanhtcX18="
    },
    "path-to-regexp": {
      "version": "1.7.0",
      "resolved": "https://registry.npmjs.org/path-to-regexp/-/path-to-regexp-1.7.0.tgz",
      "integrity": "sha1-Wf3g9DW62suhA6hOnTvGTpa5k30=",
      "dev": true,
      "requires": {
        "isarray": "0.0.1"
      }
    },
    "pathval": {
      "version": "1.1.0",
      "resolved": "https://registry.npmjs.org/pathval/-/pathval-1.1.0.tgz",
      "integrity": "sha1-uULm1L3mUwBe9rcTYd74cn0GReA=",
      "dev": true
    },
    "pretty-hrtime": {
      "version": "1.0.3",
      "resolved": "http://registry.npmjs.org/pretty-hrtime/-/pretty-hrtime-1.0.3.tgz",
      "integrity": "sha1-t+PqQkNaTJsnWdmeDyAesZWALuE=",
      "dev": true
    },
    "sigmund": {
      "version": "1.0.1",
      "resolved": "https://registry.npmjs.org/sigmund/-/sigmund-1.0.1.tgz",
      "integrity": "sha1-P/IfGYytIXX587eBhT/ZTQ0ZtZA=",
      "dev": true
    },
    "sinon": {
      "version": "7.1.1",
      "resolved": "https://registry.npmjs.org/sinon/-/sinon-7.1.1.tgz",
      "integrity": "sha512-iYagtjLVt1vN3zZY7D8oH7dkjNJEjLjyuzy8daX5+3bbQl8gaohrheB9VfH1O3L6LKuue5WTJvFluHiuZ9y3nQ==",
      "dev": true,
      "requires": {
        "@sinonjs/commons": "^1.2.0",
        "@sinonjs/formatio": "^3.0.0",
        "@sinonjs/samsam": "^2.1.2",
        "diff": "^3.5.0",
        "lodash.get": "^4.4.2",
        "lolex": "^3.0.0",
        "nise": "^1.4.6",
        "supports-color": "^5.5.0",
        "type-detect": "^4.0.8"
      },
      "dependencies": {
        "supports-color": {
          "version": "5.5.0",
          "resolved": "https://registry.npmjs.org/supports-color/-/supports-color-5.5.0.tgz",
          "integrity": "sha512-QjVjwdXIt408MIiAqCX4oUKsgU2EqAGzs2Ppkm4aQYbjm+ZEWEcW4SfFNTr4uMNZma0ey4f5lgLrkB0aX0QMow==",
          "dev": true,
          "requires": {
            "has-flag": "^3.0.0"
          }
        }
      }
    },
    "string-width": {
      "version": "1.0.2",
      "resolved": "https://registry.npmjs.org/string-width/-/string-width-1.0.2.tgz",
      "integrity": "sha1-EYvfW4zcUaKn5w0hHgfisLmxB9M=",
      "dev": true,
      "requires": {
        "code-point-at": "^1.0.0",
        "is-fullwidth-code-point": "^1.0.0",
        "strip-ansi": "^3.0.0"
      }
    },
    "strip-ansi": {
      "version": "3.0.1",
      "resolved": "http://registry.npmjs.org/strip-ansi/-/strip-ansi-3.0.1.tgz",
      "integrity": "sha1-ajhfuIU9lS1f8F0Oiq+UJ43GPc8=",
      "dev": true,
      "requires": {
        "ansi-regex": "^2.0.0"
      }
    },
    "supports-color": {
      "version": "5.4.0",
      "resolved": "https://registry.npmjs.org/supports-color/-/supports-color-5.4.0.tgz",
      "integrity": "sha1-HGszdALCE3YF7+GfEP7DkPb6q1Q=",
      "requires": {
        "has-flag": "^3.0.0"
      }
    },
    "text-encoding": {
      "version": "0.6.4",
      "resolved": "http://registry.npmjs.org/text-encoding/-/text-encoding-0.6.4.tgz",
      "integrity": "sha1-45mpgiV6J22uQou5KEXLcb3CbRk=",
      "dev": true
    },
    "type-detect": {
      "version": "4.0.8",
      "resolved": "https://registry.npmjs.org/type-detect/-/type-detect-4.0.8.tgz",
      "integrity": "sha512-0fr/mIH1dlO+x7TlcMy+bIDqKPsw/70tVyeHW787goQjhmqaZe10uwLujubK9q9Lg6Fiho1KUKDYz0Z7k7g5/g==",
      "dev": true
    },
    "window-size": {
      "version": "0.1.4",
      "resolved": "https://registry.npmjs.org/window-size/-/window-size-0.1.4.tgz",
      "integrity": "sha1-+OGqHuWlPsW/FR/6CXQqatdpeHY=",
      "dev": true
    },
    "wrap-ansi": {
      "version": "2.1.0",
      "resolved": "http://registry.npmjs.org/wrap-ansi/-/wrap-ansi-2.1.0.tgz",
      "integrity": "sha1-2Pw9KE3QV5T+hJc8rs3Rz4JP3YU=",
      "dev": true,
      "requires": {
        "string-width": "^1.0.1",
        "strip-ansi": "^3.0.1"
      }
    },
    "wrappy": {
      "version": "1.0.2",
      "resolved": "https://registry.npmjs.org/wrappy/-/wrappy-1.0.2.tgz",
      "integrity": "sha1-tSQ9jz7BqjXxNkYFvA0QNuMKtp8="
    },
    "y18n": {
      "version": "3.2.1",
      "resolved": "https://registry.npmjs.org/y18n/-/y18n-3.2.1.tgz",
      "integrity": "sha1-bRX7qITAhnnA136I53WegR4H+kE=",
      "dev": true
    },
    "yargs": {
      "version": "3.32.0",
      "resolved": "http://registry.npmjs.org/yargs/-/yargs-3.32.0.tgz",
      "integrity": "sha1-AwiOnr+edWtpdRYR0qXvWRSCyZU=",
      "dev": true,
      "requires": {
        "camelcase": "^2.0.1",
        "cliui": "^3.0.3",
        "decamelize": "^1.1.1",
        "os-locale": "^1.4.0",
        "string-width": "^1.0.1",
        "window-size": "^0.1.4",
        "y18n": "^3.2.0"
      }
    }
  }
}
